{
  "name": "SYMB PROJECT",
  "lockfileVersion": 3,
  "requires": true,
  "packages": {
    "": {
      "dependencies": {
        "@symbtech/shipyard": "^0.1.9"
      }
    },
    "node_modules/@symbtech/shipyard": {
      "version": "0.1.9",
      "resolved": "https://registry.npmjs.org/@symbtech/shipyard/-/shipyard-0.1.9.tgz",
      "integrity": "sha512-hvkVK1ofpxz6A5UCDgwEhRA2YISZa0qX7WbolPN7b1ylhEe5yVLl622RHYn4bxxZeuFOBBFKZSvdgpsqxRO5ZA==",
      "hasInstallScript": true,
      "license": "MIT",
      "bin": {
        "shipyard": "scripts/setup-project.mjs"
      },
      "engines": {
        "node": ">=18"
      }
    }
  }
}
